
Microsoft Visual Studio Solution File, Format Version 12.00
# Visual Studio Version 17
VisualStudioVersion = 17.14.36414.22 d17.14
MinimumVisualStudioVersion = 10.0.40219.1
Project("{FAE04EC0-301F-11D3-BF4B-00C04F79EFBC}") = "ExempleAdoDigitalCity", "ExempleAdoDigitalCity\ExempleAdoDigitalCity.csproj", "{A820CCAB-5CBF-46A5-824D-3C8131F43FCA}"
EndProject
Global
	GlobalSection(SolutionConfigurationPlatforms) = preSolution
		Debug|Any CPU = Debug|Any CPU
		Release|Any CPU = Release|Any CPU
	EndGlobalSection
	GlobalSection(ProjectConfigurationPlatforms) = postSolution
		{A820CCAB-5CBF-46A5-824D-3C8131F43FCA}.Debug|Any CPU.ActiveCfg = Debug|Any CPU
		{A820CCAB-5CBF-46A5-824D-3C8131F43FCA}.Debug|Any CPU.Build.0 = Debug|Any CPU
		{A820CCAB-5CBF-46A5-824D-3C8131F43FCA}.Release|Any CPU.ActiveCfg = Release|Any CPU
		{A820CCAB-5CBF-46A5-824D-3C8131F43FCA}.Release|Any CPU.Build.0 = Release|Any CPU
	EndGlobalSection
	GlobalSection(SolutionProperties) = preSolution
		HideSolutionNode = FALSE
	EndGlobalSection
	GlobalSection(ExtensibilityGlobals) = postSolution
		SolutionGuid = {33B57A96-43D3-472B-925D-B5583F3507A4}
	EndGlobalSection
EndGlobal
